
Microsoft Visual Studio Solution File, Format Version 12.00
# Visual Studio 14
VisualStudioVersion = 14.0.22823.1
MinimumVisualStudioVersion = 10.0.40219.1
Project("{FAE04EC0-301F-11D3-BF4B-00C04F79EFBC}") = "ObjectCalisthenics", "ObjectCalisthenics.csproj", "{61A0FB20-A3C6-423F-8CC6-11B8BB655480}"
EndProject
Project("{FAE04EC0-301F-11D3-BF4B-00C04F79EFBC}") = "Tests", "tests\Tests.csproj", "{1A9D01F7-A458-498C-9391-E4ED05E10E8A}"
EndProject
Global
	GlobalSection(SolutionConfigurationPlatforms) = preSolution
		Debug|Any CPU = Debug|Any CPU
		Release|Any CPU = Release|Any CPU
	EndGlobalSection
	GlobalSection(ProjectConfigurationPlatforms) = postSolution
		{61A0FB20-A3C6-423F-8CC6-11B8BB655480}.Debug|Any CPU.ActiveCfg = Debug|Any CPU
		{61A0FB20-A3C6-423F-8CC6-11B8BB655480}.Debug|Any CPU.Build.0 = Debug|Any CPU
		{61A0FB20-A3C6-423F-8CC6-11B8BB655480}.Release|Any CPU.ActiveCfg = Release|Any CPU
		{61A0FB20-A3C6-423F-8CC6-11B8BB655480}.Release|Any CPU.Build.0 = Release|Any CPU
		{1A9D01F7-A458-498C-9391-E4ED05E10E8A}.Debug|Any CPU.ActiveCfg = Debug|Any CPU
		{1A9D01F7-A458-498C-9391-E4ED05E10E8A}.Debug|Any CPU.Build.0 = Debug|Any CPU
		{1A9D01F7-A458-498C-9391-E4ED05E10E8A}.Release|Any CPU.ActiveCfg = Release|Any CPU
		{1A9D01F7-A458-498C-9391-E4ED05E10E8A}.Release|Any CPU.Build.0 = Release|Any CPU
	EndGlobalSection
	GlobalSection(SolutionProperties) = preSolution
		HideSolutionNode = FALSE
	EndGlobalSection
EndGlobal
